lockVersion: 2.0.0
id: acd0a008-76f1-4108-9948-65f774d62f2c
management:
  docChecksum: 20955385d0d71e2a0b3914e71223d7da
  docVersion: 0.0.1
  speakeasyVersion: internal
  generationVersion: 2.245.1
  releaseVersion: 2.3.3
  configChecksum: 3d5bf9e7e6f966defd18b5fbc7340c7b
  repoURL: https://github.com/speakeasy-sdks/airplane-go-sdk.git
  repoSubDirectory: .
  installationURL: https://github.com/speakeasy-sdks/airplane-go-sdk
  published: true
features:
  go:
    core: 3.3.1
    examples: 2.81.3
    flattening: 2.81.1
    globalSecurity: 2.82.5
    globalServerURLs: 2.82.1
    inputOutputModels: 2.83.0
    nameOverrides: 2.81.1
generatedFiles:
  - prompts.go
  - runbooks.go
  - runs.go
  - sessions.go
  - tasks.go
  - airplane.go
  - go.mod
  - go.sum
  - pkg/models/sdkerrors/sdkerror.go
  - pkg/types/bigint.go
  - pkg/types/date.go
  - pkg/types/datetime.go
  - pkg/types/decimal.go
  - pkg/types/pointers.go
  - pkg/utils/contenttype.go
  - pkg/utils/form.go
  - pkg/utils/headers.go
  - pkg/utils/json.go
  - pkg/utils/pathparams.go
  - pkg/utils/queryparams.go
  - pkg/utils/requestbody.go
  - pkg/utils/retries.go
  - pkg/utils/security.go
  - pkg/utils/utils.go
  - /pkg/models/operations/cancelprompt.go
  - /pkg/models/operations/getprompt.go
  - /pkg/models/operations/listprompts.go
  - /pkg/models/operations/submitprompt.go
  - /pkg/models/operations/executerunbook.go
  - /pkg/models/operations/getrun.go
  - /pkg/models/operations/getoutputs.go
  - /pkg/models/operations/listruns.go
  - /pkg/models/operations/getsession.go
  - /pkg/models/operations/listsessions.go
  - /pkg/models/operations/executetask.go
  - /pkg/models/shared/cancelpromptresponse.go
  - /pkg/models/shared/cancelpromptrequest.go
  - /pkg/models/shared/getpromptresponse.go
  - /pkg/models/shared/promptsifaceprompt.go
  - /pkg/models/shared/parametersparameters.go
  - /pkg/models/shared/parametersparameter.go
  - /pkg/models/shared/parametersconstraints.go
  - /pkg/models/shared/promptsifacereviewers.go
  - /pkg/models/shared/listpromptsresponse.go
  - /pkg/models/shared/submitpromptresponse.go
  - /pkg/models/shared/submitpromptrequest.go
  - /pkg/models/shared/executerunbookresponse.go
  - /pkg/models/shared/executerunbookrequest.go
  - /pkg/models/shared/getrunresponse.go
  - /pkg/models/shared/permission.go
  - /pkg/models/shared/parameter.go
  - /pkg/models/shared/constraints.go
  - /pkg/models/shared/runconstraints.go
  - /pkg/models/shared/agentlabel.go
  - /pkg/models/shared/getoutputsresponse.go
  - /pkg/models/shared/listrunsresponse.go
  - /pkg/models/shared/getsessionresponse.go
  - /pkg/models/shared/parameterinput.go
  - /pkg/models/shared/listsessionresponse.go
  - /pkg/models/shared/executetaskresponse.go
  - /pkg/models/shared/executetaskrequest.go
  - /pkg/models/shared/security.go
  - docs/pkg/models/operations/cancelpromptresponse.md
  - docs/pkg/models/operations/getpromptrequest.md
  - docs/pkg/models/operations/getpromptresponse.md
  - docs/pkg/models/operations/listpromptsrequest.md
  - docs/pkg/models/operations/listpromptsresponse.md
  - docs/pkg/models/operations/submitpromptresponse.md
  - docs/pkg/models/operations/executerunbookrequest.md
  - docs/pkg/models/operations/executerunbookresponse.md
  - docs/pkg/models/operations/getrunrequest.md
  - docs/pkg/models/operations/getrunresponse.md
  - docs/pkg/models/operations/getoutputsrequest.md
  - docs/pkg/models/operations/getoutputsresponse.md
  - docs/pkg/models/operations/listrunsrequest.md
  - docs/pkg/models/operations/listrunsresponse.md
  - docs/pkg/models/operations/getsessionrequest.md
  - docs/pkg/models/operations/getsessionresponse.md
  - docs/pkg/models/operations/listsessionsrequest.md
  - docs/pkg/models/operations/listsessionsresponse.md
  - docs/pkg/models/operations/executetaskrequest.md
  - docs/pkg/models/operations/executetaskresponse.md
  - docs/pkg/models/shared/cancelpromptresponse.md
  - docs/pkg/models/shared/cancelpromptrequest.md
  - docs/pkg/models/shared/getpromptresponse.md
  - docs/pkg/models/shared/promptsifaceprompt.md
  - docs/pkg/models/shared/parametersparameters.md
  - docs/pkg/models/shared/parametersparametercomponent.md
  - docs/pkg/models/shared/parametersparametertype.md
  - docs/pkg/models/shared/parametersparameter.md
  - docs/pkg/models/shared/parametersconstraints.md
  - docs/pkg/models/shared/promptsifacereviewers.md
  - docs/pkg/models/shared/listpromptsresponse.md
  - docs/pkg/models/shared/submitpromptresponse.md
  - docs/pkg/models/shared/submitpromptrequest.md
  - docs/pkg/models/shared/executerunbookresponse.md
  - docs/pkg/models/shared/executerunbookrequest.md
  - docs/pkg/models/shared/runtime.md
  - docs/pkg/models/shared/status.md
  - docs/pkg/models/shared/getrunresponse.md
  - docs/pkg/models/shared/roleid.md
  - docs/pkg/models/shared/permission.md
  - docs/pkg/models/shared/component.md
  - docs/pkg/models/shared/type.md
  - docs/pkg/models/shared/parameter.md
  - docs/pkg/models/shared/constraints.md
  - docs/pkg/models/shared/runconstraints.md
  - docs/pkg/models/shared/agentlabel.md
  - docs/pkg/models/shared/getoutputsresponse.md
  - docs/pkg/models/shared/listrunsresponse.md
  - docs/pkg/models/shared/getsessionresponsestatus.md
  - docs/pkg/models/shared/getsessionresponse.md
  - docs/pkg/models/shared/parameterinput.md
  - docs/pkg/models/shared/listsessionresponse.md
  - docs/pkg/models/shared/executetaskresponse.md
  - docs/pkg/models/shared/executetaskrequest.md
  - docs/pkg/models/shared/security.md
  - docs/sdks/airplane/README.md
  - docs/sdks/prompts/README.md
  - docs/sdks/runbooks/README.md
  - docs/sdks/runs/README.md
  - docs/sdks/sessions/README.md
  - docs/sdks/tasks/README.md
  - USAGE.md
  - .gitattributes
